{
  "name": "bitcoin-zeromq",
  "version": "1.0.0",
  "lockfileVersion": 2,
  "requires": true,
  "packages": {
    "": {
      "name": "bitcoin-zeromq",
      "version": "1.0.0",
      "license": "ISC",
      "dependencies": {
        "bitcoind-rpc": "^0.9.1",
        "bitcoinjs-lib": "^7.0.0",
        "zeromq": "^5.2.8"
      }
    },
    "node_modules/@noble/hashes": {
      "version": "1.8.0",
      "resolved": "https://registry.npmjs.org/@noble/hashes/-/hashes-1.8.0.tgz",
      "integrity": "sha512-jCs9ldd7NwzpgXDIf6P3+NrHh9/sD6CQdxHyjQI+h/6rDNo88ypBxxz45UDuZHz9r3tNz7N/VInSVoVdtXEI4A==",
      "engines": {
        "node": "^14.21.3 || >=16"
      },
      "funding": {
        "url": "https://paulmillr.com/funding/"
      }
    },
    "node_modules/bech32": {
      "version": "2.0.0",
      "resolved": "https://registry.npmjs.org/bech32/-/bech32-2.0.0.tgz",
      "integrity": "sha512-LcknSilhIGatDAsY1ak2I8VtGaHNhgMSYVxFrGLXv+xLHytaKZKcaUJJUE7qmBr7h33o5YQwP55pMI0xmkpJwg=="
    },
    "node_modules/bip174": {
      "version": "3.0.1",
      "resolved": "https://registry.npmjs.org/bip174/-/bip174-3.0.1.tgz",
      "integrity": "sha512-avOnOoLOwdjw1MebWKh3bHqWOH558Q9VpqmRKUv2S63vjw0pnX7Y+yRihxIibgP55twhc7+YfC0IAH43IF5FqQ==",
      "dependencies": {
        "uint8array-tools": "^0.0.10",
        "varuint-bitcoin": "^2.0.1"
      },
      "engines": {
        "node": ">=18.0.0"
      }
    },
    "node_modules/bip174/node_modules/uint8array-tools": {
      "version": "0.0.10",
      "resolved": "https://registry.npmjs.org/uint8array-tools/-/uint8array-tools-0.0.10.tgz",
      "integrity": "sha512-sSbrZqlr04w4p8KKpHw0ME/R4JzQaadum+BWhMlk2M7LrDyXWTfJOco3d1jNMdQNxgk5DDm88R3IWYH0nR+tzQ==",
      "engines": {
        "node": ">=14.0.0"
      }
    },
    "node_modules/bitcoind-rpc": {
      "version": "0.9.1",
      "resolved": "https://registry.npmjs.org/bitcoind-rpc/-/bitcoind-rpc-0.9.1.tgz",
      "integrity": "sha512-fWjepYe3I6W8pw8WiDUrHAMKZXyRqtm6HfcUaDeLAQLr1KoKcVzqR4xzdJFJgUMBShNmN4GRMg0rLFr6ZKGZ6A=="
    },
    "node_modules/bitcoinjs-lib": {
      "version": "7.0.2",
      "resolved": "https://registry.npmjs.org/bitcoinjs-lib/-/bitcoinjs-lib-7.0.2.tgz",
      "integrity": "sha512-ugLk9SR+2gvhpNA7kqQL1eVDKyBNo/rbr+df72nrZj4OOdZvQRHDVtyogPGXAU2MLQimLL7EbUdz95QGh6Th5Q==",
      "dependencies": {
        "@noble/hashes": "^1.2.0",
        "bech32": "^2.0.0",
        "bip174": "^3.0.0",
        "bs58check": "^4.0.0",
        "uint8array-tools": "^0.0.9",
        "valibot": "^1.2.0",
        "varuint-bitcoin": "^2.0.0"
      },
      "engines": {
        "node": ">=18.0.0"
      }
    },
    "node_modules/bitcoinjs-lib/node_modules/base-x": {
      "version": "5.0.1",
      "resolved": "https://registry.npmjs.org/base-x/-/base-x-5.0.1.tgz",
      "integrity": "sha512-M7uio8Zt++eg3jPj+rHMfCC+IuygQHHCOU+IYsVtik6FWjuYpVt/+MRKcgsAMHh8mMFAwnB+Bs+mTrFiXjMzKg=="
    },
    "node_modules/bitcoinjs-lib/node_modules/bs58": {
      "version": "6.0.0",
      "resolved": "https://registry.npmjs.org/bs58/-/bs58-6.0.0.tgz",
      "integrity": "sha512-PD0wEnEYg6ijszw/u8s+iI3H17cTymlrwkKhDhPZq+Sokl3AU4htyBFTjAeNAlCCmg0f53g6ih3jATyCKftTfw==",
      "dependencies": {
        "base-x": "^5.0.0"
      }
    },
    "node_modules/bitcoinjs-lib/node_modules/bs58check": {
      "version": "4.0.0",
      "resolved": "https://registry.npmjs.org/bs58check/-/bs58check-4.0.0.tgz",
      "integrity": "sha512-FsGDOnFg9aVI9erdriULkd/JjEWONV/lQE5aYziB5PoBsXRind56lh8doIZIc9X4HoxT5x4bLjMWN1/NB8Zp5g==",
      "dependencies": {
        "@noble/hashes": "^1.2.0",
        "bs58": "^6.0.0"
      }
    },
    "node_modules/nan": {
      "version": "2.14.2",
      "resolved": "https://registry.npmjs.org/nan/-/nan-2.14.2.tgz",
      "integrity": "sha512-M2ufzIiINKCuDfBSAUr1vWQ+vuVcA9kqx8JJUsbQi6yf1uGRyb7HfpdfUr5qLXf3B/t8dPvcjhKMmlfnP47EzQ=="
    },
    "node_modules/node-gyp-build": {
      "version": "4.3.0",
      "resolved": "https://registry.npmjs.org/node-gyp-build/-/node-gyp-build-4.3.0.tgz",
      "integrity": "sha512-iWjXZvmboq0ja1pUGULQBexmxq8CV4xBhX7VDOTbL7ZR4FOowwY/VOtRxBN/yKxmdGoIp4j5ysNT4u3S2pDQ3Q==",
      "bin": {
        "node-gyp-build": "bin.js",
        "node-gyp-build-optional": "optional.js",
        "node-gyp-build-test": "build-test.js"
      }
    },
    "node_modules/uint8array-tools": {
      "version": "0.0.9",
      "resolved": "https://registry.npmjs.org/uint8array-tools/-/uint8array-tools-0.0.9.tgz",
      "integrity": "sha512-9vqDWmoSXOoi+K14zNaf6LBV51Q8MayF0/IiQs3GlygIKUYtog603e6virExkjjFosfJUBI4LhbQK1iq8IG11A==",
      "engines": {
        "node": ">=14.0.0"
      }
    },
    "node_modules/valibot": {
      "version": "1.5.0",
      "resolved": "https://registry.npmjs.org/valibot/-/valibot-1.5.0.tgz",
      "integrity": "sha512-nil6AkP2TChWL43Z5uJ6GTxX01CUA+g8LWUM+N/rB9NBbkUMaUsi9PUNzlUPgoKASgmx9f7eGOYpJ04/fSa6FQ==",
      "peerDependencies": {
        "typescript": ">=5"
      },
      "peerDependenciesMeta": {
        "typescript": {
          "optional": true
        }
      }
    },
    "node_modules/varuint-bitcoin": {
      "version": "2.0.1",
      "resolved": "https://registry.npmjs.org/varuint-bitcoin/-/varuint-bitcoin-2.0.1.tgz",
      "integrity": "sha512-TTl5qSPJ3FzjuTHo0Ex9WUE3jTxnUsQHR38vIDhHApoVstzJK4gE20WqmTWOT5oo7ilvOSNejXt4CJrfDcqm5A==",
      "dependencies": {
        "uint8array-tools": "^0.0.10"
      }
    },
    "node_modules/varuint-bitcoin/node_modules/uint8array-tools": {
      "version": "0.0.10",
      "resolved": "https://registry.npmjs.org/uint8array-tools/-/uint8array-tools-0.0.10.tgz",
      "integrity": "sha512-sSbrZqlr04w4p8KKpHw0ME/R4JzQaadum+BWhMlk2M7LrDyXWTfJOco3d1jNMdQNxgk5DDm88R3IWYH0nR+tzQ==",
      "engines": {
        "node": ">=14.0.0"
      }
    },
    "node_modules/zeromq": {
      "version": "5.2.8",
      "resolved": "https://registry.npmjs.org/zeromq/-/zeromq-5.2.8.tgz",
      "integrity": "sha512-bXzsk7KOmgLSv1tC0Ms1VXBy90+Rz27ZYf27cLuldRYbpqYpuWJfxxHFhO710t22zgWBnmdUP0m3SKFpLI0u5g==",
      "hasInstallScript": true,
      "dependencies": {
        "nan": "2.14.2",
        "node-gyp-build": "^4.2.3"
      },
      "engines": {
        "node": ">=6.0"
      }
    }
  },
  "dependencies": {
    "@noble/hashes": {
      "version": "1.8.0",
      "resolved": "https://registry.npmjs.org/@noble/hashes/-/hashes-1.8.0.tgz",
      "integrity": "sha512-jCs9ldd7NwzpgXDIf6P3+NrHh9/sD6CQdxHyjQI+h/6rDNo88ypBxxz45UDuZHz9r3tNz7N/VInSVoVdtXEI4A=="
    },
    "bech32": {
      "version": "2.0.0",
      "resolved": "https://registry.npmjs.org/bech32/-/bech32-2.0.0.tgz",
      "integrity": "sha512-LcknSilhIGatDAsY1ak2I8VtGaHNhgMSYVxFrGLXv+xLHytaKZKcaUJJUE7qmBr7h33o5YQwP55pMI0xmkpJwg=="
    },
    "bip174": {
      "version": "3.0.1",
      "resolved": "https://registry.npmjs.org/bip174/-/bip174-3.0.1.tgz",
      "integrity": "sha512-avOnOoLOwdjw1MebWKh3bHqWOH558Q9VpqmRKUv2S63vjw0pnX7Y+yRihxIibgP55twhc7+YfC0IAH43IF5FqQ==",
      "requires": {
        "uint8array-tools": "^0.0.10",
        "varuint-bitcoin": "^2.0.1"
      },
      "dependencies": {
        "uint8array-tools": {
          "version": "0.0.10",
          "resolved": "https://registry.npmjs.org/uint8array-tools/-/uint8array-tools-0.0.10.tgz",
          "integrity": "sha512-sSbrZqlr04w4p8KKpHw0ME/R4JzQaadum+BWhMlk2M7LrDyXWTfJOco3d1jNMdQNxgk5DDm88R3IWYH0nR+tzQ=="
        }
      }
    },
    "bitcoind-rpc": {
      "version": "0.9.1",
      "resolved": "https://registry.npmjs.org/bitcoind-rpc/-/bitcoind-rpc-0.9.1.tgz",
      "integrity": "sha512-fWjepYe3I6W8pw8WiDUrHAMKZXyRqtm6HfcUaDeLAQLr1KoKcVzqR4xzdJFJgUMBShNmN4GRMg0rLFr6ZKGZ6A=="
    },
    "bitcoinjs-lib": {
      "version": "7.0.2",
      "resolved": "https://registry.npmjs.org/bitcoinjs-lib/-/bitcoinjs-lib-7.0.2.tgz",
      "integrity": "sha512-ugLk9SR+2gvhpNA7kqQL1eVDKyBNo/rbr+df72nrZj4OOdZvQRHDVtyogPGXAU2MLQimLL7EbUdz95QGh6Th5Q==",
      "requires": {
        "@noble/hashes": "^1.2.0",
        "bech32": "^2.0.0",
        "bip174": "^3.0.0",
        "bs58check": "^4.0.0",
        "uint8array-tools": "^0.0.9",
        "valibot": "^1.2.0",
        "varuint-bitcoin": "^2.0.0"
      },
      "dependencies": {
        "base-x": {
          "version": "5.0.1",
          "resolved": "https://registry.npmjs.org/base-x/-/base-x-5.0.1.tgz",
          "integrity": "sha512-M7uio8Zt++eg3jPj+rHMfCC+IuygQHHCOU+IYsVtik6FWjuYpVt/+MRKcgsAMHh8mMFAwnB+Bs+mTrFiXjMzKg=="
        },
        "bs58": {
          "version": "6.0.0",
          "resolved": "https://registry.npmjs.org/bs58/-/bs58-6.0.0.tgz",
          "integrity": "sha512-PD0wEnEYg6ijszw/u8s+iI3H17cTymlrwkKhDhPZq+Sokl3AU4htyBFTjAeNAlCCmg0f53g6ih3jATyCKftTfw==",
          "requires": {
            "base-x": "^5.0.0"
          }
        },
        "bs58check": {
          "version": "4.0.0",
          "resolved": "https://registry.npmjs.org/bs58check/-/bs58check-4.0.0.tgz",
          "integrity": "sha512-FsGDOnFg9aVI9erdriULkd/JjEWONV/lQE5aYziB5PoBsXRind56lh8doIZIc9X4HoxT5x4bLjMWN1/NB8Zp5g==",
          "requires": {
            "@noble/hashes": "^1.2.0",
            "bs58": "^6.0.0"
          }
        }
      }
    },
    "nan": {
      "version": "2.14.2",
      "resolved": "https://registry.npmjs.org/nan/-/nan-2.14.2.tgz",
      "integrity": "sha512-M2ufzIiINKCuDfBSAUr1vWQ+vuVcA9kqx8JJUsbQi6yf1uGRyb7HfpdfUr5qLXf3B/t8dPvcjhKMmlfnP47EzQ=="
    },
    "node-gyp-build": {
      "version": "4.3.0",
      "resolved": "https://registry.npmjs.org/node-gyp-build/-/node-gyp-build-4.3.0.tgz",
      "integrity": "sha512-iWjXZvmboq0ja1pUGULQBexmxq8CV4xBhX7VDOTbL7ZR4FOowwY/VOtRxBN/yKxmdGoIp4j5ysNT4u3S2pDQ3Q=="
    },
    "uint8array-tools": {
      "version": "0.0.9",
      "resolved": "https://registry.npmjs.org/uint8array-tools/-/uint8array-tools-0.0.9.tgz",
      "integrity": "sha512-9vqDWmoSXOoi+K14zNaf6LBV51Q8MayF0/IiQs3GlygIKUYtog603e6virExkjjFosfJUBI4LhbQK1iq8IG11A=="
    },
    "valibot": {
      "version": "1.5.0",
      "resolved": "https://registry.npmjs.org/valibot/-/valibot-1.5.0.tgz",
      "integrity": "sha512-nil6AkP2TChWL43Z5uJ6GTxX01CUA+g8LWUM+N/rB9NBbkUMaUsi9PUNzlUPgoKASgmx9f7eGOYpJ04/fSa6FQ==",
      "requires": {}
    },
    "varuint-bitcoin": {
      "version": "2.0.1",
      "resolved": "https://registry.npmjs.org/varuint-bitcoin/-/varuint-bitcoin-2.0.1.tgz",
      "integrity": "sha512-TTl5qSPJ3FzjuTHo0Ex9WUE3jTxnUsQHR38vIDhHApoVstzJK4gE20WqmTWOT5oo7ilvOSNejXt4CJrfDcqm5A==",
      "requires": {
        "uint8array-tools": "^0.0.10"
      },
      "dependencies": {
        "uint8array-tools": {
          "version": "0.0.10",
          "resolved": "https://registry.npmjs.org/uint8array-tools/-/uint8array-tools-0.0.10.tgz",
          "integrity": "sha512-sSbrZqlr04w4p8KKpHw0ME/R4JzQaadum+BWhMlk2M7LrDyXWTfJOco3d1jNMdQNxgk5DDm88R3IWYH0nR+tzQ=="
        }
      }
    },
    "zeromq": {
      "version": "5.2.8",
      "resolved": "https://registry.npmjs.org/zeromq/-/zeromq-5.2.8.tgz",
      "integrity": "sha512-bXzsk7KOmgLSv1tC0Ms1VXBy90+Rz27ZYf27cLuldRYbpqYpuWJfxxHFhO710t22zgWBnmdUP0m3SKFpLI0u5g==",
      "requires": {
        "nan": "2.14.2",
        "node-gyp-build": "^4.2.3"
      }
    }
  }
}
